// !$*UTF8*$!
{
	archiveVersion = 1;
	classes = {
	};
	objectVersion = 55;
	objects = {

/* Begin PBXBuildFile section */
		9C2D2B262885712E00AB30F8 /* AppDelegate.swift in Sources */ = {isa = PBXBuildFile; fileRef = 9C2D2B252885712E00AB30F8 /* AppDelegate.swift */; };
		9C2D2B282885712E00AB30F8 /* SceneDelegate.swift in Sources */ = {isa = PBXBuildFile; fileRef = 9C2D2B272885712E00AB30F8 /* SceneDelegate.swift */; };
		9C2D2B2D2885712E00AB30F8 /* Main.storyboard in Resources */ = {isa = PBXBuildFile; fileRef = 9C2D2B2B2885712E00AB30F8 /* Main.storyboard */; };
		9C2D2B302885712E00AB30F8 /* VirtualTouristApp.xcdatamodeld in Sources */ = {isa = PBXBuildFile; fileRef = 9C2D2B2E2885712E00AB30F8 /* VirtualTouristApp.xcdatamodeld */; };
		9C2D2B322885712F00AB30F8 /* Assets.xcassets in Resources */ = {isa = PBXBuildFile; fileRef = 9C2D2B312885712F00AB30F8 /* Assets.xcassets */; };
		9C2D2B352885712F00AB30F8 /* LaunchScreen.storyboard in Resources */ = {isa = PBXBuildFile; fileRef = 9C2D2B332885712F00AB30F8 /* LaunchScreen.storyboard */; };
		9C2D2B45288572D600AB30F8 /* MapViewController.swift in Sources */ = {isa = PBXBuildFile; fileRef = 9C2D2B44288572D600AB30F8 /* MapViewController.swift */; };
		9C2D2B492885730C00AB30F8 /* PhotoAlbumViewController.swift in Sources */ = {isa = PBXBuildFile; fileRef = 9C2D2B482885730C00AB30F8 /* PhotoAlbumViewController.swift */; };
		9C2D2B4B2885965F00AB30F8 /* DataController.swift in Sources */ = {isa = PBXBuildFile; fileRef = 9C2D2B4A2885965F00AB30F8 /* DataController.swift */; };
		9C2D2B4F288598AB00AB30F8 /* MapViewModel.swift in Sources */ = {isa = PBXBuildFile; fileRef = 9C2D2B4E288598AB00AB30F8 /* MapViewModel.swift */; };
		9C2D2B522885AF9100AB30F8 /* Constants.swift in Sources */ = {isa = PBXBuildFile; fileRef = 9C2D2B512885AF9100AB30F8 /* Constants.swift */; };
		9C465AF528C6450400FAA3B9 /* APIConstant.swift in Sources */ = {isa = PBXBuildFile; fileRef = 9C465AF428C6450400FAA3B9 /* APIConstant.swift */; };
		9C58F5F328A270C5008DDE1C /* CompositionalLayout.swift in Sources */ = {isa = PBXBuildFile; fileRef = 9C58F5F228A270C5008DDE1C /* CompositionalLayout.swift */; };
		9C58F5F528A29974008DDE1C /* NetworkingService.swift in Sources */ = {isa = PBXBuildFile; fileRef = 9C58F5F428A29974008DDE1C /* NetworkingService.swift */; };
		9C58F5FD28A2C338008DDE1C /* FlickrPhotoAlbumResponse.swift in Sources */ = {isa = PBXBuildFile; fileRef = 9C58F5FC28A2C338008DDE1C /* FlickrPhotoAlbumResponse.swift */; };
		9C58F60128A3B91D008DDE1C /* PhotoAlbumViewModel.swift in Sources */ = {isa = PBXBuildFile; fileRef = 9C58F60028A3B91D008DDE1C /* PhotoAlbumViewModel.swift */; };
		9C58F60528A3EA22008DDE1C /* Kingfisher in Frameworks */ = {isa = PBXBuildFile; productRef = 9C58F60428A3EA22008DDE1C /* Kingfisher */; };
		9C58F62828A51D17008DDE1C /* FlickrAPIService.swift in Sources */ = {isa = PBXBuildFile; fileRef = 9C58F62728A51D17008DDE1C /* FlickrAPIService.swift */; };
		9CB1378F28B777CB000E76E1 /* PhotoCell.swift in Sources */ = {isa = PBXBuildFile; fileRef = 9CB1378E28B777CB000E76E1 /* PhotoCell.swift */; };
		9CB1379128B77AD1000E76E1 /* UICollectionView+Extension.swift in Sources */ = {isa = PBXBuildFile; fileRef = 9CB1379028B77AD1000E76E1 /* UICollectionView+Extension.swift */; };
		9CE4DA27289141F20049506F /* Region.swift in Sources */ = {isa = PBXBuildFile; fileRef = 9CE4DA26289141F20049506F /* Region.swift */; };
		9CE4DA2928917F700049506F /* Vibration.swift in Sources */ = {isa = PBXBuildFile; fileRef = 9CE4DA2828917F700049506F /* Vibration.swift */; };
		9CE4DA2B289423210049506F /* MapAnnotation.swift in Sources */ = {isa = PBXBuildFile; fileRef = 9CE4DA2A289423210049506F /* MapAnnotation.swift */; };
/* End PBXBuildFile section */

/* Begin PBXFileReference section */
		9C2D2B222885712E00AB30F8 /* VirtualTouristApp.app */ = {isa = PBXFileReference; explicitFileType = wrapper.application; includeInIndex = 0; path = VirtualTouristApp.app; sourceTree = BUILT_PRODUCTS_DIR; };
		9C2D2B252885712E00AB30F8 /* AppDelegate.swift */ = {isa = PBXFileReference; lastKnownFileType = sourcecode.swift; path = AppDelegate.swift; sourceTree = "<group>"; };
		9C2D2B272885712E00AB30F8 /* SceneDelegate.swift */ = {isa = PBXFileReference; lastKnownFileType = sourcecode.swift; path = SceneDelegate.swift; sourceTree = "<group>"; };
		9C2D2B2C2885712E00AB30F8 /* Base */ = {isa = PBXFileReference; lastKnownFileType = file.storyboard; name = Base; path = Base.lproj/Main.storyboard; sourceTree = "<group>"; };
		9C2D2B2F2885712E00AB30F8 /* VirtualTouristApp.xcdatamodel */ = {isa = PBXFileReference; lastKnownFileType = wrapper.xcdatamodel; path = VirtualTouristApp.xcdatamodel; sourceTree = "<group>"; };
		9C2D2B312885712F00AB30F8 /* Assets.xcassets */ = {isa = PBXFileReference; lastKnownFileType = folder.assetcatalog; path = Assets.xcassets; sourceTree = "<group>"; };
		9C2D2B342885712F00AB30F8 /* Base */ = {isa = PBXFileReference; lastKnownFileType = file.storyboard; name = Base; path = Base.lproj/LaunchScreen.storyboard; sourceTree = "<group>"; };
		9C2D2B362885712F00AB30F8 /* Info.plist */ = {isa = PBXFileReference; lastKnownFileType = text.plist.xml; path = Info.plist; sourceTree = "<group>"; };
		9C2D2B44288572D600AB30F8 /* MapViewController.swift */ = {isa = PBXFileReference; lastKnownFileType = sourcecode.swift; path = MapViewController.swift; sourceTree = "<group>"; };
		9C2D2B482885730C00AB30F8 /* PhotoAlbumViewController.swift */ = {isa = PBXFileReference; lastKnownFileType = sourcecode.swift; path = PhotoAlbumViewController.swift; sourceTree = "<group>"; };
		9C2D2B4A2885965F00AB30F8 /* DataController.swift */ = {isa = PBXFileReference; lastKnownFileType = sourcecode.swift; path = DataController.swift; sourceTree = "<group>"; };
		9C2D2B4E288598AB00AB30F8 /* MapViewModel.swift */ = {isa = PBXFileReference; lastKnownFileType = sourcecode.swift; path = MapViewModel.swift; sourceTree = "<group>"; };
		9C2D2B512885AF9100AB30F8 /* Constants.swift */ = {isa = PBXFileReference; lastKnownFileType = sourcecode.swift; path = Constants.swift; sourceTree = "<group>"; };
		9C465AF428C6450400FAA3B9 /* APIConstant.swift */ = {isa = PBXFileReference; lastKnownFileType = sourcecode.swift; path = APIConstant.swift; sourceTree = "<group>"; };
		9C58F5F228A270C5008DDE1C /* CompositionalLayout.swift */ = {isa = PBXFileReference; lastKnownFileType = sourcecode.swift; path = CompositionalLayout.swift; sourceTree = "<group>"; };
		9C58F5F428A29974008DDE1C /* NetworkingService.swift */ = {isa = PBXFileReference; lastKnownFileType = sourcecode.swift; path = NetworkingService.swift; sourceTree = "<group>"; };
		9C58F5FC28A2C338008DDE1C /* FlickrPhotoAlbumResponse.swift */ = {isa = PBXFileReference; lastKnownFileType = sourcecode.swift; path = FlickrPhotoAlbumResponse.swift; sourceTree = "<group>"; };
		9C58F60028A3B91D008DDE1C /* PhotoAlbumViewModel.swift */ = {isa = PBXFileReference; lastKnownFileType = sourcecode.swift; path = PhotoAlbumViewModel.swift; sourceTree = "<group>"; };
		9C58F62728A51D17008DDE1C /* FlickrAPIService.swift */ = {isa = PBXFileReference; lastKnownFileType = sourcecode.swift; path = FlickrAPIService.swift; sourceTree = "<group>"; };
		9CB1378E28B777CB000E76E1 /* PhotoCell.swift */ = {isa = PBXFileReference; lastKnownFileType = sourcecode.swift; path = PhotoCell.swift; sourceTree = "<group>"; };
		9CB1379028B77AD1000E76E1 /* UICollectionView+Extension.swift */ = {isa = PBXFileReference; lastKnownFileType = sourcecode.swift; path = "UICollectionView+Extension.swift"; sourceTree = "<group>"; };
		9CE4DA26289141F20049506F /* Region.swift */ = {isa = PBXFileReference; lastKnownFileType = sourcecode.swift; path = Region.swift; sourceTree = "<group>"; };
		9CE4DA2828917F700049506F /* Vibration.swift */ = {isa = PBXFileReference; lastKnownFileType = sourcecode.swift; path = Vibration.swift; sourceTree = "<group>"; };
		9CE4DA2A289423210049506F /* MapAnnotation.swift */ = {isa = PBXFileReference; lastKnownFileType = sourcecode.swift; path = MapAnnotation.swift; sourceTree = "<group>"; };
/* End PBXFileReference section */

/* Begin PBXFrameworksBuildPhase section */
		9C2D2B1F2885712E00AB30F8 /* Frameworks */ = {
			isa = PBXFrameworksBuildPhase;
			buildActionMask = 2147483647;
			files = (
				9C58F60528A3EA22008DDE1C /* Kingfisher in Frameworks */,
			);
			runOnlyForDeploymentPostprocessing = 0;
		};
/* End PBXFrameworksBuildPhase section */

/* Begin PBXGroup section */
		9C2D2B192885712E00AB30F8 = {
			isa = PBXGroup;
			children = (
				9C2D2B242885712E00AB30F8 /* VirtualTouristApp */,
				9C2D2B232885712E00AB30F8 /* Products */,
			);
			sourceTree = "<group>";
		};
		9C2D2B232885712E00AB30F8 /* Products */ = {
			isa = PBXGroup;
			children = (
				9C2D2B222885712E00AB30F8 /* VirtualTouristApp.app */,
			);
			name = Products;
			sourceTree = "<group>";
		};
		9C2D2B242885712E00AB30F8 /* VirtualTouristApp */ = {
			isa = PBXGroup;
			children = (
				9C2D2B512885AF9100AB30F8 /* Constants.swift */,
				9C58F5F228A270C5008DDE1C /* CompositionalLayout.swift */,
				9CE4DA23289141260049506F /* Networking */,
				9C2D2B3C2885713700AB30F8 /* Extensions */,
				9C2D2B412885715C00AB30F8 /* Model */,
				9C2D2B402885715500AB30F8 /* View-ViewModel */,
				9C2D2B3E2885714600AB30F8 /* AppDelegate */,
				9C2D2B3F2885714E00AB30F8 /* SceneDelegate */,
				9C2D2B3D2885713D00AB30F8 /* Resources */,
			);
			path = VirtualTouristApp;
			sourceTree = "<group>";
		};
		9C2D2B3C2885713700AB30F8 /* Extensions */ = {
			isa = PBXGroup;
			children = (
				9CB1379028B77AD1000E76E1 /* UICollectionView+Extension.swift */,
			);
			path = Extensions;
			sourceTree = "<group>";
		};
		9C2D2B3D2885713D00AB30F8 /* Resources */ = {
			isa = PBXGroup;
			children = (
				9C2D2B312885712F00AB30F8 /* Assets.xcassets */,
				9C2D2B332885712F00AB30F8 /* LaunchScreen.storyboard */,
				9C2D2B362885712F00AB30F8 /* Info.plist */,
			);
			path = Resources;
			sourceTree = "<group>";
		};
		9C2D2B3E2885714600AB30F8 /* AppDelegate */ = {
			isa = PBXGroup;
			children = (
				9C2D2B252885712E00AB30F8 /* AppDelegate.swift */,
			);
			path = AppDelegate;
			sourceTree = "<group>";
		};
		9C2D2B3F2885714E00AB30F8 /* SceneDelegate */ = {
			isa = PBXGroup;
			children = (
				9C2D2B272885712E00AB30F8 /* SceneDelegate.swift */,
			);
			path = SceneDelegate;
			sourceTree = "<group>";
		};
		9C2D2B402885715500AB30F8 /* View-ViewModel */ = {
			isa = PBXGroup;
			children = (
				9C2D2B43288572B600AB30F8 /* Scenes */,
				9C2D2B422885717600AB30F8 /* View */,
			);
			path = "View-ViewModel";
			sourceTree = "<group>";
		};
		9C2D2B412885715C00AB30F8 /* Model */ = {
			isa = PBXGroup;
			children = (
				9CE4DA2828917F700049506F /* Vibration.swift */,
				9CE4DA26289141F20049506F /* Region.swift */,
				9C2D2B4A2885965F00AB30F8 /* DataController.swift */,
				9C2D2B2E2885712E00AB30F8 /* VirtualTouristApp.xcdatamodeld */,
				9CE4DA2A289423210049506F /* MapAnnotation.swift */,
			);
			path = Model;
			sourceTree = "<group>";
		};
		9C2D2B422885717600AB30F8 /* View */ = {
			isa = PBXGroup;
			children = (
				9C2D2B2B2885712E00AB30F8 /* Main.storyboard */,
			);
			path = View;
			sourceTree = "<group>";
		};
		9C2D2B43288572B600AB30F8 /* Scenes */ = {
			isa = PBXGroup;
			children = (
				9C2D2B46288572E400AB30F8 /* TravelLocationsMap */,
				9C2D2B47288572FA00AB30F8 /* PhotoAlbum */,
			);
			path = Scenes;
			sourceTree = "<group>";
		};
		9C2D2B46288572E400AB30F8 /* TravelLocationsMap */ = {
			isa = PBXGroup;
			children = (
				9C2D2B4C2885988F00AB30F8 /* ViewController */,
				9C2D2B4D2885989600AB30F8 /* ViewModel */,
			);
			path = TravelLocationsMap;
			sourceTree = "<group>";
		};
		9C2D2B47288572FA00AB30F8 /* PhotoAlbum */ = {
			isa = PBXGroup;
			children = (
				9C58F5FA28A2C2DB008DDE1C /* ViewController */,
				9C58F60228A3B922008DDE1C /* ViewModel */,
			);
			path = PhotoAlbum;
			sourceTree = "<group>";
		};
		9C2D2B4C2885988F00AB30F8 /* ViewController */ = {
			isa = PBXGroup;
			children = (
				9C2D2B44288572D600AB30F8 /* MapViewController.swift */,
			);
			path = ViewController;
			sourceTree = "<group>";
		};
		9C2D2B4D2885989600AB30F8 /* ViewModel */ = {
			isa = PBXGroup;
			children = (
				9C2D2B4E288598AB00AB30F8 /* MapViewModel.swift */,
			);
			path = ViewModel;
			sourceTree = "<group>";
		};
		9C58F5FA28A2C2DB008DDE1C /* ViewController */ = {
			isa = PBXGroup;
			children = (
				9C2D2B482885730C00AB30F8 /* PhotoAlbumViewController.swift */,
				9CB1378D28B777AE000E76E1 /* Component */,
			);
			path = ViewController;
			sourceTree = "<group>";
		};
		9C58F60228A3B922008DDE1C /* ViewModel */ = {
			isa = PBXGroup;
			children = (
				9C58F60028A3B91D008DDE1C /* PhotoAlbumViewModel.swift */,
			);
			path = ViewModel;
			sourceTree = "<group>";
		};
		9C58F62628A51D07008DDE1C /* FlickAPI */ = {
			isa = PBXGroup;
			children = (
				9C465AF428C6450400FAA3B9 /* APIConstant.swift */,
				9C58F62728A51D17008DDE1C /* FlickrAPIService.swift */,
				9C58F62928A51D23008DDE1C /* Model */,
				9C465AF228C6347500FAA3B9 /* Keys.plist */,
			);
			path = FlickAPI;
			sourceTree = "<group>";
		};
		9C58F62928A51D23008DDE1C /* Model */ = {
			isa = PBXGroup;
			children = (
				9C58F5FC28A2C338008DDE1C /* FlickrPhotoAlbumResponse.swift */,
			);
			path = Model;
			sourceTree = "<group>";
		};
		9CB1378D28B777AE000E76E1 /* Component */ = {
			isa = PBXGroup;
			children = (
				9CB1378E28B777CB000E76E1 /* PhotoCell.swift */,
			);
			path = Component;
			sourceTree = "<group>";
		};
		9CE4DA23289141260049506F /* Networking */ = {
			isa = PBXGroup;
			children = (
				9C58F5F428A29974008DDE1C /* NetworkingService.swift */,
				9C58F62628A51D07008DDE1C /* FlickAPI */,
			);
			path = Networking;
			sourceTree = "<group>";
		};
/* End PBXGroup section */

/* Begin PBXNativeTarget section */
		9C2D2B212885712E00AB30F8 /* VirtualTouristApp */ = {
			isa = PBXNativeTarget;
			buildConfigurationList = 9C2D2B392885712F00AB30F8 /* Build configuration list for PBXNativeTarget "VirtualTouristApp" */;
			buildPhases = (
				9C2D2B1E2885712E00AB30F8 /* Sources */,
				9C2D2B1F2885712E00AB30F8 /* Frameworks */,
				9C2D2B202885712E00AB30F8 /* Resources */,
			);
			buildRules = (
			);
			dependencies = (
			);
			name = VirtualTouristApp;
			packageProductDependencies = (
				9C58F60428A3EA22008DDE1C /* Kingfisher */,
			);
			productName = VirtualTouristApp;
			productReference = 9C2D2B222885712E00AB30F8 /* VirtualTouristApp.app */;
			productType = "com.apple.product-type.application";
		};
/* End PBXNativeTarget section */

/* Begin PBXProject section */
		9C2D2B1A2885712E00AB30F8 /* Project object */ = {
			isa = PBXProject;
			attributes = {
				BuildIndependentTargetsInParallel = 1;
				LastSwiftUpdateCheck = 1340;
				LastUpgradeCheck = 1340;
				TargetAttributes = {
					9C2D2B212885712E00AB30F8 = {
						CreatedOnToolsVersion = 13.4.1;
					};
				};
			};
			buildConfigurationList = 9C2D2B1D2885712E00AB30F8 /* Build configuration list for PBXProject "VirtualTouristApp" */;
			compatibilityVersion = "Xcode 13.0";
			developmentRegion = en;
			hasScannedForEncodings = 0;
			knownRegions = (
				en,
				Base,
			);
			mainGroup = 9C2D2B192885712E00AB30F8;
			packageReferences = (
				9C58F60328A3EA22008DDE1C /* XCRemoteSwiftPackageReference "Kingfisher" */,
			);
			productRefGroup = 9C2D2B232885712E00AB30F8 /* Products */;
			projectDirPath = "";
			projectRoot = "";
			targets = (
				9C2D2B212885712E00AB30F8 /* VirtualTouristApp */,
			);
		};
/* End PBXProject section */

/* Begin PBXResourcesBuildPhase section */
		9C2D2B202885712E00AB30F8 /* Resources */ = {
			isa = PBXResourcesBuildPhase;
			buildActionMask = 2147483647;
			files = (
				9C465AF328C6347500FAA3B9 /* Keys.plist in Resources */,
				9C2D2B352885712F00AB30F8 /* LaunchScreen.storyboard in Resources */,
				9C2D2B322885712F00AB30F8 /* Assets.xcassets in Resources */,
				9C2D2B2D2885712E00AB30F8 /* Main.storyboard in Resources */,
			);
			runOnlyForDeploymentPostprocessing = 0;
		};
/* End PBXResourcesBuildPhase section */

/* Begin PBXSourcesBuildPhase section */
		9C2D2B1E2885712E00AB30F8 /* Sources */ = {
			isa = PBXSourcesBuildPhase;
			buildActionMask = 2147483647;
			files = (
				9CB1379128B77AD1000E76E1 /* UICollectionView+Extension.swift in Sources */,
				9C2D2B45288572D600AB30F8 /* MapViewController.swift in Sources */,
				9C2D2B4B2885965F00AB30F8 /* DataController.swift in Sources */,
				9CE4DA2928917F700049506F /* Vibration.swift in Sources */,
				9C2D2B4F288598AB00AB30F8 /* MapViewModel.swift in Sources */,
				9CE4DA2B289423210049506F /* MapAnnotation.swift in Sources */,
				9CB1378F28B777CB000E76E1 /* PhotoCell.swift in Sources */,
				9C2D2B302885712E00AB30F8 /* VirtualTouristApp.xcdatamodeld in Sources */,
				9C58F60128A3B91D008DDE1C /* PhotoAlbumViewModel.swift in Sources */,
				9C2D2B262885712E00AB30F8 /* AppDelegate.swift in Sources */,
				9C2D2B492885730C00AB30F8 /* PhotoAlbumViewController.swift in Sources */,
				9CE4DA27289141F20049506F /* Region.swift in Sources */,
				9C2D2B282885712E00AB30F8 /* SceneDelegate.swift in Sources */,
				9C465AF528C6450400FAA3B9 /* APIConstant.swift in Sources */,
				9C58F5FD28A2C338008DDE1C /* FlickrPhotoAlbumResponse.swift in Sources */,
				9C58F62828A51D17008DDE1C /* FlickrAPIService.swift in Sources */,
				9C2D2B522885AF9100AB30F8 /* Constants.swift in Sources */,
				9C58F5F528A29974008DDE1C /* NetworkingService.swift in Sources */,
				9C58F5F328A270C5008DDE1C /* CompositionalLayout.swift in Sources */,
			);
			runOnlyForDeploymentPostprocessing = 0;
		};
/* End PBXSourcesBuildPhase section */

/* Begin PBXVariantGroup section */
		9C2D2B2B2885712E00AB30F8 /* Main.storyboard */ = {
			isa = PBXVariantGroup;
			children = (
				9C2D2B2C2885712E00AB30F8 /* Base */,
			);
			name = Main.storyboard;
			sourceTree = "<group>";
		};
		9C2D2B332885712F00AB30F8 /* LaunchScreen.storyboard */ = {
			isa = PBXVariantGroup;
			children = (
				9C2D2B342885712F00AB30F8 /* Base */,
			);
			name = LaunchScreen.storyboard;
			sourceTree = "<group>";
		};
/* End PBXVariantGroup section */

/* Begin XCBuildConfiguration section */
		9C2D2B372885712F00AB30F8 /* Debug */ = {
			isa = XCBuildConfiguration;
			buildSettings = {
				ALWAYS_SEARCH_USER_PATHS = NO;
				CLANG_ANALYZER_NONNULL = YES;
				CLANG_ANALYZER_NUMBER_OBJECT_CONVERSION = YES_AGGRESSIVE;
				CLANG_CXX_LANGUAGE_STANDARD = "gnu++17";
				CLANG_ENABLE_MODULES = YES;
				CLANG_ENABLE_OBJC_ARC = YES;
				CLANG_ENABLE_OBJC_WEAK = YES;
				CLANG_WARN_BLOCK_CAPTURE_AUTORELEASING = YES;
				CLANG_WARN_BOOL_CONVERSION = YES;
				CLANG_WARN_COMMA = YES;
				CLANG_WARN_CONSTANT_CONVERSION = YES;
				CLANG_WARN_DEPRECATED_OBJC_IMPLEMENTATIONS = YES;
				CLANG_WARN_DIRECT_OBJC_ISA_USAGE = YES_ERROR;
				CLANG_WARN_DOCUMENTATION_COMMENTS = YES;
				CLANG_WARN_EMPTY_BODY = YES;
				CLANG_WARN_ENUM_CONVERSION = YES;
				CLANG_WARN_INFINITE_RECURSION = YES;
				CLANG_WARN_INT_CONVERSION = YES;
				CLANG_WARN_NON_LITERAL_NULL_CONVERSION = YES;
				CLANG_WARN_OBJC_IMPLICIT_RETAIN_SELF = YES;
				CLANG_WARN_OBJC_LITERAL_CONVERSION = YES;
				CLANG_WARN_OBJC_ROOT_CLASS = YES_ERROR;
				CLANG_WARN_QUOTED_INCLUDE_IN_FRAMEWORK_HEADER = YES;
				CLANG_WARN_RANGE_LOOP_ANALYSIS = YES;
				CLANG_WARN_STRICT_PROTOTYPES = YES;
				CLANG_WARN_SUSPICIOUS_MOVE = YES;
				CLANG_WARN_UNGUARDED_AVAILABILITY = YES_AGGRESSIVE;
				CLANG_WARN_UNREACHABLE_CODE = YES;
				CLANG_WARN__DUPLICATE_METHOD_MATCH = YES;
				COPY_PHASE_STRIP = NO;
				DEBUG_INFORMATION_FORMAT = dwarf;
				ENABLE_STRICT_OBJC_MSGSEND = YES;
				ENABLE_TESTABILITY = YES;
				GCC_C_LANGUAGE_STANDARD = gnu11;
				GCC_DYNAMIC_NO_PIC = NO;
				GCC_NO_COMMON_BLOCKS = YES;
				GCC_OPTIMIZATION_LEVEL = 0;
				GCC_PREPROCESSOR_DEFINITIONS = (
					"DEBUG=1",
					"$(inherited)",
				);
				GCC_WARN_64_TO_32_BIT_CONVERSION = YES;
				GCC_WARN_ABOUT_RETURN_TYPE = YES_ERROR;
				GCC_WARN_UNDECLARED_SELECTOR = YES;
				GCC_WARN_UNINITIALIZED_AUTOS = YES_AGGRESSIVE;
				GCC_WARN_UNUSED_FUNCTION = YES;
				GCC_WARN_UNUSED_VARIABLE = YES;
				IPHONEOS_DEPLOYMENT_TARGET = 15.5;
				MTL_ENABLE_DEBUG_INFO = INCLUDE_SOURCE;
				MTL_FAST_MATH = YES;
				ONLY_ACTIVE_ARCH = YES;
				SDKROOT = iphoneos;
				SWIFT_ACTIVE_COMPILATION_CONDITIONS = DEBUG;
				SWIFT_OPTIMIZATION_LEVEL = "-Onone";
			};
			name = Debug;
		};
		9C2D2B382885712F00AB30F8 /* Release */ = {
			isa = XCBuildConfiguration;
			buildSettings = {
				ALWAYS_SEARCH_USER_PATHS = NO;
				CLANG_ANALYZER_NONNULL = YES;
				CLANG_ANALYZER_NUMBER_OBJECT_CONVERSION = YES_AGGRESSIVE;
				CLANG_CXX_LANGUAGE_STANDARD = "gnu++17";
				CLANG_ENABLE_MODULES = YES;
				CLANG_ENABLE_OBJC_ARC = YES;
				CLANG_ENABLE_OBJC_WEAK = YES;
				CLANG_WARN_BLOCK_CAPTURE_AUTORELEASING = YES;
				CLANG_WARN_BOOL_CONVERSION = YES;
				CLANG_WARN_COMMA = YES;
				CLANG_WARN_CONSTANT_CONVERSION = YES;
				CLANG_WARN_DEPRECATED_OBJC_IMPLEMENTATIONS = YES;
				CLANG_WARN_DIRECT_OBJC_ISA_USAGE = YES_ERROR;
				CLANG_WARN_DOCUMENTATION_COMMENTS = YES;
				CLANG_WARN_EMPTY_BODY = YES;
				CLANG_WARN_ENUM_CONVERSION = YES;
				CLANG_WARN_INFINITE_RECURSION = YES;
				CLANG_WARN_INT_CONVERSION = YES;
				CLANG_WARN_NON_LITERAL_NULL_CONVERSION = YES;
				CLANG_WARN_OBJC_IMPLICIT_RETAIN_SELF = YES;
				CLANG_WARN_OBJC_LITERAL_CONVERSION = YES;
				CLANG_WARN_OBJC_ROOT_CLASS = YES_ERROR;
				CLANG_WARN_QUOTED_INCLUDE_IN_FRAMEWORK_HEADER = YES;
				CLANG_WARN_RANGE_LOOP_ANALYSIS = YES;
				CLANG_WARN_STRICT_PROTOTYPES = YES;
				CLANG_WARN_SUSPICIOUS_MOVE = YES;
				CLANG_WARN_UNGUARDED_AVAILABILITY = YES_AGGRESSIVE;
				CLANG_WARN_UNREACHABLE_CODE = YES;
				CLANG_WARN__DUPLICATE_METHOD_MATCH = YES;
				COPY_PHASE_STRIP = NO;
				DEBUG_INFORMATION_FORMAT = "dwarf-with-dsym";
				ENABLE_NS_ASSERTIONS = NO;
				ENABLE_STRICT_OBJC_MSGSEND = YES;
				GCC_C_LANGUAGE_STANDARD = gnu11;
				GCC_NO_COMMON_BLOCKS = YES;
				GCC_WARN_64_TO_32_BIT_CONVERSION = YES;
				GCC_WARN_ABOUT_RETURN_TYPE = YES_ERROR;
				GCC_WARN_UNDECLARED_SELECTOR = YES;
				GCC_WARN_UNINITIALIZED_AUTOS = YES_AGGRESSIVE;
				GCC_WARN_UNUSED_FUNCTION = YES;
				GCC_WARN_UNUSED_VARIABLE = YES;
				IPHONEOS_DEPLOYMENT_TARGET = 15.5;
				MTL_ENABLE_DEBUG_INFO = NO;
				MTL_FAST_MATH = YES;
				SDKROOT = iphoneos;
				SWIFT_COMPILATION_MODE = wholemodule;
				SWIFT_OPTIMIZATION_LEVEL = "-O";
				VALIDATE_PRODUCT = YES;
			};
			name = Release;
		};
		9C2D2B3A2885712F00AB30F8 /* Debug */ = {
			isa = XCBuildConfiguration;
			buildSettings = {
				ASSETCATALOG_COMPILER_APPICON_NAME = AppIcon;
				ASSETCATALOG_COMPILER_GLOBAL_ACCENT_COLOR_NAME = AccentColor;
				CODE_SIGN_STYLE = Automatic;
				CURRENT_PROJECT_VERSION = 1;
				DEVELOPMENT_TEAM = DSYB3VSYU2;
				GENERATE_INFOPLIST_FILE = YES;
				INFOPLIST_FILE = VirtualTouristApp/Resources/Info.plist;
				INFOPLIST_KEY_UIApplicationSupportsIndirectInputEvents = YES;
				INFOPLIST_KEY_UILaunchStoryboardName = LaunchScreen;
				INFOPLIST_KEY_UIMainStoryboardFile = Main;
				INFOPLIST_KEY_UISupportedInterfaceOrientations = UIInterfaceOrientationPortrait;
				INFOPLIST_KEY_UISupportedInterfaceOrientations_iPad = "UIInterfaceOrientationPortrait UIInterfaceOrientationPortraitUpsideDown UIInterfaceOrientationLandscapeLeft UIInterfaceOrientationLandscapeRight";
				INFOPLIST_KEY_UISupportedInterfaceOrientations_iPhone = "UIInterfaceOrientationPortrait UIInterfaceOrientationLandscapeLeft UIInterfaceOrientationLandscapeRight";
				LD_RUNPATH_SEARCH_PATHS = (
					"$(inherited)",
					"@executable_path/Frameworks",
				);
				MARKETING_VERSION = 1.0;
				PRODUCT_BUNDLE_IDENTIFIER = marinaaguiar.VirtualTouristApp;
				PRODUCT_NAME = "$(TARGET_NAME)";
				SWIFT_EMIT_LOC_STRINGS = YES;
				SWIFT_VERSION = 5.0;
				TARGETED_DEVICE_FAMILY = 1;
			};
			name = Debug;
		};
		9C2D2B3B2885712F00AB30F8 /* Release */ = {
			isa = XCBuildConfiguration;
			buildSettings = {
				ASSETCATALOG_COMPILER_APPICON_NAME = AppIcon;
				ASSETCATALOG_COMPILER_GLOBAL_ACCENT_COLOR_NAME = AccentColor;
				CODE_SIGN_STYLE = Automatic;
				CURRENT_PROJECT_VERSION = 1;
				DEVELOPMENT_TEAM = DSYB3VSYU2;
				GENERATE_INFOPLIST_FILE = YES;
				INFOPLIST_FILE = VirtualTouristApp/Resources/Info.plist;
				INFOPLIST_KEY_UIApplicationSupportsIndirectInputEvents = YES;
				INFOPLIST_KEY_UILaunchStoryboardName = LaunchScreen;
				INFOPLIST_KEY_UIMainStoryboardFile = Main;
				INFOPLIST_KEY_UISupportedInterfaceOrientations = UIInterfaceOrientationPortrait;
				INFOPLIST_KEY_UISupportedInterfaceOrientations_iPad = "UIInterfaceOrientationPortrait UIInterfaceOrientationPortraitUpsideDown UIInterfaceOrientationLandscapeLeft UIInterfaceOrientationLandscapeRight";
				INFOPLIST_KEY_UISupportedInterfaceOrientations_iPhone = "UIInterfaceOrientationPortrait UIInterfaceOrientationLandscapeLeft UIInterfaceOrientationLandscapeRight";
				LD_RUNPATH_SEARCH_PATHS = (
					"$(inherited)",
					"@executable_path/Frameworks",
				);
				MARKETING_VERSION = 1.0;
				PRODUCT_BUNDLE_IDENTIFIER = marinaaguiar.VirtualTouristApp;
				PRODUCT_NAME = "$(TARGET_NAME)";
				SWIFT_EMIT_LOC_STRINGS = YES;
				SWIFT_VERSION = 5.0;
				TARGETED_DEVICE_FAMILY = 1;
			};
			name = Release;
		};
/* End XCBuildConfiguration section */

/* Begin XCConfigurationList section */
		9C2D2B1D2885712E00AB30F8 /* Build configuration list for PBXProject "VirtualTouristApp" */ = {
			isa = XCConfigurationList;
			buildConfigurations = (
				9C2D2B372885712F00AB30F8 /* Debug */,
				9C2D2B382885712F00AB30F8 /* Release */,
			);
			defaultConfigurationIsVisible = 0;
			defaultConfigurationName = Release;
		};
		9C2D2B392885712F00AB30F8 /* Build configuration list for PBXNativeTarget "VirtualTouristApp" */ = {
			isa = XCConfigurationList;
			buildConfigurations = (
				9C2D2B3A2885712F00AB30F8 /* Debug */,
				9C2D2B3B2885712F00AB30F8 /* Release */,
			);
			defaultConfigurationIsVisible = 0;
			defaultConfigurationName = Release;
		};
/* End XCConfigurationList section */

/* Begin XCRemoteSwiftPackageReference section */
		9C58F60328A3EA22008DDE1C /* XCRemoteSwiftPackageReference "Kingfisher" */ = {
			isa = XCRemoteSwiftPackageReference;
			repositoryURL = "https://github.com/onevcat/Kingfisher.git";
			requirement = {
				kind = upToNextMajorVersion;
				minimumVersion = 7.0.0;
			};
		};
/* End XCRemoteSwiftPackageReference section */

/* Begin XCSwiftPackageProductDependency section */
		9C58F60428A3EA22008DDE1C /* Kingfisher */ = {
			isa = XCSwiftPackageProductDependency;
			package = 9C58F60328A3EA22008DDE1C /* XCRemoteSwiftPackageReference "Kingfisher" */;
			productName = Kingfisher;
		};
/* End XCSwiftPackageProductDependency section */

/* Begin XCVersionGroup section */
		9C2D2B2E2885712E00AB30F8 /* VirtualTouristApp.xcdatamodeld */ = {
			isa = XCVersionGroup;
			children = (
				9C2D2B2F2885712E00AB30F8 /* VirtualTouristApp.xcdatamodel */,
			);
			currentVersion = 9C2D2B2F2885712E00AB30F8 /* VirtualTouristApp.xcdatamodel */;
			path = VirtualTouristApp.xcdatamodeld;
			sourceTree = "<group>";
			versionGroupType = wrapper.xcdatamodel;
		};
/* End XCVersionGroup section */
	};
	rootObject = 9C2D2B1A2885712E00AB30F8 /* Project object */;
}
